{
  "name": "ts-node-react",
  "version": "1.0.0",
  "lockfileVersion": 1,
  "requires": true,
  "dependencies": {
    "@types/geojson": {
      "version": "1.0.4",
      "resolved": "https://registry.npmjs.org/@types/geojson/-/geojson-1.0.4.tgz",
      "integrity": "sha512-idP+xKlqFG1egc5M52mDat/Z0VMrwY93LCd81dzW/IjeTIYTMWuzVu+fBf19QK/mX9K7jM2UNN5nzDRgM950GA=="
    },
    "@types/mapbox-gl": {
      "version": "0.39.6",
      "resolved": "https://registry.npmjs.org/@types/mapbox-gl/-/mapbox-gl-0.39.6.tgz",
      "integrity": "sha512-9Fu7YrX7KVgFFBIqxUxos+0WteB8Cv6vn/2NPg6pEICmRAkXtWHDKB7kAO0jmj01On3i0+k2V0UuSwT47DGEBA==",
      "requires": {
        "@types/geojson": "1.0.4"
      }
    },
    "@types/prop-types": {
      "version": "15.5.2",
      "resolved": "https://registry.npmjs.org/@types/prop-types/-/prop-types-15.5.2.tgz",
      "integrity": "sha512-pQRkAVoxiuUrLq8+CDwiQX4pTCep/PmmNgBbjIwnnsd/HoYjGpR81+FFPE030lvNXgR0haaAU6eoRtztWDE4Xw=="
    }
  }
}
